
Microsoft Visual Studio Solution File, Format Version 12.00
# Visual Studio Version 17
VisualStudioVersion = 17.10.35013.160
MinimumVisualStudioVersion = 10.0.40219.1
Project("{8BC9CEB8-8B4A-11D0-8D11-00A0C91BC942}") = "Variable", "Variable.vcxproj", "{14BD918C-AAC3-41F3-B072-D4C63AC7C74E}"
EndProject
Global
	GlobalSection(SolutionConfigurationPlatforms) = preSolution
		Debug|x64 = Debug|x64
		Debug|x86 = Debug|x86
		Release|x64 = Release|x64
		Release|x86 = Release|x86
	EndGlobalSection
	GlobalSection(ProjectConfigurationPlatforms) = postSolution
		{14BD918C-AAC3-41F3-B072-D4C63AC7C74E}.Debug|x64.ActiveCfg = Debug|x64
		{14BD918C-AAC3-41F3-B072-D4C63AC7C74E}.Debug|x64.Build.0 = Debug|x64
		{14BD918C-AAC3-41F3-B072-D4C63AC7C74E}.Debug|x86.ActiveCfg = Debug|Win32
		{14BD918C-AAC3-41F3-B072-D4C63AC7C74E}.Debug|x86.Build.0 = Debug|Win32
		{14BD918C-AAC3-41F3-B072-D4C63AC7C74E}.Release|x64.ActiveCfg = Release|x64
		{14BD918C-AAC3-41F3-B072-D4C63AC7C74E}.Release|x64.Build.0 = Release|x64
		{14BD918C-AAC3-41F3-B072-D4C63AC7C74E}.Release|x86.ActiveCfg = Release|Win32
		{14BD918C-AAC3-41F3-B072-D4C63AC7C74E}.Release|x86.Build.0 = Release|Win32
	EndGlobalSection
	GlobalSection(SolutionProperties) = preSolution
		HideSolutionNode = FALSE
	EndGlobalSection
	GlobalSection(ExtensibilityGlobals) = postSolution
		SolutionGuid = {F97D0B05-0C8B-4374-B5F6-7BAA50B9BCDC}
	EndGlobalSection
EndGlobal
